
Microsoft Visual Studio Solution File, Format Version 12.00
Project("{FAE04EC0-301F-11D3-BF4B-00C04F79EFBC}") = "OlympicsApp", "OlympicsApp\OlympicsApp.csproj", "{96B663DE-E69D-45B6-B515-062D4A9C7E63}"
EndProject
Global
	GlobalSection(SolutionConfigurationPlatforms) = preSolution
		Debug|Any CPU = Debug|Any CPU
		Release|Any CPU = Release|Any CPU
	EndGlobalSection
	GlobalSection(ProjectConfigurationPlatforms) = postSolution
		{96B663DE-E69D-45B6-B515-062D4A9C7E63}.Debug|Any CPU.ActiveCfg = Debug|Any CPU
		{96B663DE-E69D-45B6-B515-062D4A9C7E63}.Debug|Any CPU.Build.0 = Debug|Any CPU
		{96B663DE-E69D-45B6-B515-062D4A9C7E63}.Release|Any CPU.ActiveCfg = Release|Any CPU
		{96B663DE-E69D-45B6-B515-062D4A9C7E63}.Release|Any CPU.Build.0 = Release|Any CPU
	EndGlobalSection
EndGlobal
